
Microsoft Visual Studio Solution File, Format Version 12.00
# Visual Studio Version 17
VisualStudioVersion = 17.10.35013.160
MinimumVisualStudioVersion = 10.0.40219.1
Project("{FAE04EC0-301F-11D3-BF4B-00C04F79EFBC}") = "WebApi", "WebApi\WebApi.csproj", "{880591F0-8A8C-4749-A0CD-16B70828A350}"
EndProject
Project("{FAE04EC0-301F-11D3-BF4B-00C04F79EFBC}") = "Infrastructure", "Infrastructure\Infrastructure.csproj", "{D252996E-932D-44C8-B29B-F3E700DC6D54}"
EndProject
Global
	GlobalSection(SolutionConfigurationPlatforms) = preSolution
		Debug|Any CPU = Debug|Any CPU
		Release|Any CPU = Release|Any CPU
	EndGlobalSection
	GlobalSection(ProjectConfigurationPlatforms) = postSolution
		{880591F0-8A8C-4749-A0CD-16B70828A350}.Debug|Any CPU.ActiveCfg = Debug|Any CPU
		{880591F0-8A8C-4749-A0CD-16B70828A350}.Debug|Any CPU.Build.0 = Debug|Any CPU
		{880591F0-8A8C-4749-A0CD-16B70828A350}.Release|Any CPU.ActiveCfg = Release|Any CPU
		{880591F0-8A8C-4749-A0CD-16B70828A350}.Release|Any CPU.Build.0 = Release|Any CPU
		{D252996E-932D-44C8-B29B-F3E700DC6D54}.Debug|Any CPU.ActiveCfg = Debug|Any CPU
		{D252996E-932D-44C8-B29B-F3E700DC6D54}.Debug|Any CPU.Build.0 = Debug|Any CPU
		{D252996E-932D-44C8-B29B-F3E700DC6D54}.Release|Any CPU.ActiveCfg = Release|Any CPU
		{D252996E-932D-44C8-B29B-F3E700DC6D54}.Release|Any CPU.Build.0 = Release|Any CPU
	EndGlobalSection
	GlobalSection(SolutionProperties) = preSolution
		HideSolutionNode = FALSE
	EndGlobalSection
	GlobalSection(ExtensibilityGlobals) = postSolution
		SolutionGuid = {49C8B2D6-49C2-436C-904A-D5DF65748A60}
	EndGlobalSection
EndGlobal
